
Microsoft Visual Studio Solution File, Format Version 12.00
Project("{FAE04EC0-301F-11D3-BF4B-00C04F79EFBC}") = "TACTLib", "TACTLib\TACTLib.csproj", "{CC681FAC-B05D-483F-9FA1-D8DEC4871B99}"
EndProject
Project("{FAE04EC0-301F-11D3-BF4B-00C04F79EFBC}") = "TACTLibTest", "TACTLibTest\TACTLibTest.csproj", "{B6FB166C-41CF-4A63-9346-F073BE43464C}"
EndProject
Global
	GlobalSection(SolutionConfigurationPlatforms) = preSolution
		Debug|Any CPU = Debug|Any CPU
		Release|Any CPU = Release|Any CPU
	EndGlobalSection
	GlobalSection(ProjectConfigurationPlatforms) = postSolution
		{CC681FAC-B05D-483F-9FA1-D8DEC4871B99}.Debug|Any CPU.ActiveCfg = Debug|Any CPU
		{CC681FAC-B05D-483F-9FA1-D8DEC4871B99}.Debug|Any CPU.Build.0 = Debug|Any CPU
		{CC681FAC-B05D-483F-9FA1-D8DEC4871B99}.Release|Any CPU.ActiveCfg = Release|Any CPU
		{CC681FAC-B05D-483F-9FA1-D8DEC4871B99}.Release|Any CPU.Build.0 = Release|Any CPU
		{B6FB166C-41CF-4A63-9346-F073BE43464C}.Debug|Any CPU.ActiveCfg = Debug|Any CPU
		{B6FB166C-41CF-4A63-9346-F073BE43464C}.Debug|Any CPU.Build.0 = Debug|Any CPU
		{B6FB166C-41CF-4A63-9346-F073BE43464C}.Release|Any CPU.ActiveCfg = Release|Any CPU
		{B6FB166C-41CF-4A63-9346-F073BE43464C}.Release|Any CPU.Build.0 = Release|Any CPU
	EndGlobalSection
EndGlobal
